
Microsoft Visual Studio Solution File, Format Version 12.00
# Visual Studio Version 17
VisualStudioVersion = 17.11.35303.130
MinimumVisualStudioVersion = 10.0.40219.1
Project("{FAE04EC0-301F-11D3-BF4B-00C04F79EFBC}") = "C01_introducion", "C01_introducion\C01_introducion.csproj", "{36D0BD54-55E9-46FB-A573-671FE98157B5}"
EndProject
Project("{2150E333-8FDC-42A3-9474-1A3956D46DE8}") = "teoria", "teoria", "{69CE6A7F-43AC-4802-ABDE-8908EEFD29ED}"
EndProject
Project("{2150E333-8FDC-42A3-9474-1A3956D46DE8}") = "ejercicios", "ejercicios", "{04ED0EB8-768E-4622-99F7-3CB4FE4EB0F5}"
EndProject
Project("{FAE04EC0-301F-11D3-BF4B-00C04F79EFBC}") = "EJ01_positivoNegativo", "EJ01_positivoNegativo\EJ01_positivoNegativo.csproj", "{84CD7743-A1F0-4D03-80AA-AF501E8FCD9C}"
EndProject
Project("{FAE04EC0-301F-11D3-BF4B-00C04F79EFBC}") = "EJ02_divisionCero", "EJ02_divisionCero\EJ02_divisionCero.csproj", "{D8935E6E-8D6E-4464-B2B9-4C064FF799BC}"
EndProject
Project("{FAE04EC0-301F-11D3-BF4B-00C04F79EFBC}") = "EJ03_operacionesBasicas", "EJ03_operacionesBasicas\EJ03_operacionesBasicas.csproj", "{0CAD87EA-2867-4BCC-B76C-C7094C71304B}"
EndProject
Project("{FAE04EC0-301F-11D3-BF4B-00C04F79EFBC}") = "EJ04_operacionesBasica.v2", "EJ04_operacionesBasica.v2\EJ04_operacionesBasica.v2.csproj", "{08B33405-1176-4EA1-AAF9-5BE0D9D3EDAF}"
EndProject
Project("{FAE04EC0-301F-11D3-BF4B-00C04F79EFBC}") = "EJ05_operacionesBasicas.v3", "EJ05_operacionesBasicas.v3\EJ05_operacionesBasicas.v3.csproj", "{DE5325E4-732C-481E-96B1-17A49CC6651D}"
EndProject
Project("{FAE04EC0-301F-11D3-BF4B-00C04F79EFBC}") = "C02_operadoresLogicos", "C02_operadoresLogicos\C02_operadoresLogicos.csproj", "{A1B7BEFB-E122-44C8-9860-7E2B00D3B070}"
EndProject
Project("{FAE04EC0-301F-11D3-BF4B-00C04F79EFBC}") = "EJ06_propulsores", "EJ06_propulsores\EJ06_propulsores.csproj", "{420AD872-0640-4EAF-8BC7-968A98BA4E5D}"
EndProject
Project("{FAE04EC0-301F-11D3-BF4B-00C04F79EFBC}") = "EJ07_eleccionColor", "EJ07_eleccionColor\EJ07_eleccionColor.csproj", "{1302616F-5783-4728-9659-F621F76F0787}"
EndProject
Project("{FAE04EC0-301F-11D3-BF4B-00C04F79EFBC}") = "EJ08_operacionesBasicas.v4", "EJ08_operacionesBasicas.v4\EJ08_operacionesBasicas.v4.csproj", "{881811B6-5840-4136-A84C-DDB5419553F9}"
EndProject
Project("{FAE04EC0-301F-11D3-BF4B-00C04F79EFBC}") = "C03_constantes", "C03_constantes\C03_constantes.csproj", "{9254E716-C165-42FC-BA97-AC459F4BE88E}"
EndProject
Project("{FAE04EC0-301F-11D3-BF4B-00C04F79EFBC}") = "EJ09_numeroMes", "EJ09_numeroMes\EJ09_numeroMes.csproj", "{9A6CD1A9-0133-4B44-8062-6C466FA52BD0}"
EndProject
Project("{FAE04EC0-301F-11D3-BF4B-00C04F79EFBC}") = "EJ10_numeroPar", "EJ10_numeroPar\EJ10_numeroPar.csproj", "{0A552920-0BF7-4885-9018-854654B41ACB}"
EndProject
Project("{FAE04EC0-301F-11D3-BF4B-00C04F79EFBC}") = "EJ11_pagoEstacionamiento", "EJ11_pagoEstacionamiento\EJ11_pagoEstacionamiento.csproj", "{8463EB0C-27B9-498E-BDEA-CB6F4BB89190}"
EndProject
Global
	GlobalSection(SolutionConfigurationPlatforms) = preSolution
		Debug|Any CPU = Debug|Any CPU
		Release|Any CPU = Release|Any CPU
	EndGlobalSection
	GlobalSection(ProjectConfigurationPlatforms) = postSolution
		{36D0BD54-55E9-46FB-A573-671FE98157B5}.Debug|Any CPU.ActiveCfg = Debug|Any CPU
		{36D0BD54-55E9-46FB-A573-671FE98157B5}.Debug|Any CPU.Build.0 = Debug|Any CPU
		{36D0BD54-55E9-46FB-A573-671FE98157B5}.Release|Any CPU.ActiveCfg = Release|Any CPU
		{36D0BD54-55E9-46FB-A573-671FE98157B5}.Release|Any CPU.Build.0 = Release|Any CPU
		{84CD7743-A1F0-4D03-80AA-AF501E8FCD9C}.Debug|Any CPU.ActiveCfg = Debug|Any CPU
		{84CD7743-A1F0-4D03-80AA-AF501E8FCD9C}.Debug|Any CPU.Build.0 = Debug|Any CPU
		{84CD7743-A1F0-4D03-80AA-AF501E8FCD9C}.Release|Any CPU.ActiveCfg = Release|Any CPU
		{84CD7743-A1F0-4D03-80AA-AF501E8FCD9C}.Release|Any CPU.Build.0 = Release|Any CPU
		{D8935E6E-8D6E-4464-B2B9-4C064FF799BC}.Debug|Any CPU.ActiveCfg = Debug|Any CPU
		{D8935E6E-8D6E-4464-B2B9-4C064FF799BC}.Debug|Any CPU.Build.0 = Debug|Any CPU
		{D8935E6E-8D6E-4464-B2B9-4C064FF799BC}.Release|Any CPU.ActiveCfg = Release|Any CPU
		{D8935E6E-8D6E-4464-B2B9-4C064FF799BC}.Release|Any CPU.Build.0 = Release|Any CPU
		{0CAD87EA-2867-4BCC-B76C-C7094C71304B}.Debug|Any CPU.ActiveCfg = Debug|Any CPU
		{0CAD87EA-2867-4BCC-B76C-C7094C71304B}.Debug|Any CPU.Build.0 = Debug|Any CPU
		{0CAD87EA-2867-4BCC-B76C-C7094C71304B}.Release|Any CPU.ActiveCfg = Release|Any CPU
		{0CAD87EA-2867-4BCC-B76C-C7094C71304B}.Release|Any CPU.Build.0 = Release|Any CPU
		{08B33405-1176-4EA1-AAF9-5BE0D9D3EDAF}.Debug|Any CPU.ActiveCfg = Debug|Any CPU
		{08B33405-1176-4EA1-AAF9-5BE0D9D3EDAF}.Debug|Any CPU.Build.0 = Debug|Any CPU
		{08B33405-1176-4EA1-AAF9-5BE0D9D3EDAF}.Release|Any CPU.ActiveCfg = Release|Any CPU
		{08B33405-1176-4EA1-AAF9-5BE0D9D3EDAF}.Release|Any CPU.Build.0 = Release|Any CPU
		{DE5325E4-732C-481E-96B1-17A49CC6651D}.Debug|Any CPU.ActiveCfg = Debug|Any CPU
		{DE5325E4-732C-481E-96B1-17A49CC6651D}.Debug|Any CPU.Build.0 = Debug|Any CPU
		{DE5325E4-732C-481E-96B1-17A49CC6651D}.Release|Any CPU.ActiveCfg = Release|Any CPU
		{DE5325E4-732C-481E-96B1-17A49CC6651D}.Release|Any CPU.Build.0 = Release|Any CPU
		{A1B7BEFB-E122-44C8-9860-7E2B00D3B070}.Debug|Any CPU.ActiveCfg = Debug|Any CPU
		{A1B7BEFB-E122-44C8-9860-7E2B00D3B070}.Debug|Any CPU.Build.0 = Debug|Any CPU
		{A1B7BEFB-E122-44C8-9860-7E2B00D3B070}.Release|Any CPU.ActiveCfg = Release|Any CPU
		{A1B7BEFB-E122-44C8-9860-7E2B00D3B070}.Release|Any CPU.Build.0 = Release|Any CPU
		{420AD872-0640-4EAF-8BC7-968A98BA4E5D}.Debug|Any CPU.ActiveCfg = Debug|Any CPU
		{420AD872-0640-4EAF-8BC7-968A98BA4E5D}.Debug|Any CPU.Build.0 = Debug|Any CPU
		{420AD872-0640-4EAF-8BC7-968A98BA4E5D}.Release|Any CPU.ActiveCfg = Release|Any CPU
		{420AD872-0640-4EAF-8BC7-968A98BA4E5D}.Release|Any CPU.Build.0 = Release|Any CPU
		{1302616F-5783-4728-9659-F621F76F0787}.Debug|Any CPU.ActiveCfg = Debug|Any CPU
		{1302616F-5783-4728-9659-F621F76F0787}.Debug|Any CPU.Build.0 = Debug|Any CPU
		{1302616F-5783-4728-9659-F621F76F0787}.Release|Any CPU.ActiveCfg = Release|Any CPU
		{1302616F-5783-4728-9659-F621F76F0787}.Release|Any CPU.Build.0 = Release|Any CPU
		{881811B6-5840-4136-A84C-DDB5419553F9}.Debug|Any CPU.ActiveCfg = Debug|Any CPU
		{881811B6-5840-4136-A84C-DDB5419553F9}.Debug|Any CPU.Build.0 = Debug|Any CPU
		{881811B6-5840-4136-A84C-DDB5419553F9}.Release|Any CPU.ActiveCfg = Release|Any CPU
		{881811B6-5840-4136-A84C-DDB5419553F9}.Release|Any CPU.Build.0 = Release|Any CPU
		{9254E716-C165-42FC-BA97-AC459F4BE88E}.Debug|Any CPU.ActiveCfg = Debug|Any CPU
		{9254E716-C165-42FC-BA97-AC459F4BE88E}.Debug|Any CPU.Build.0 = Debug|Any CPU
		{9254E716-C165-42FC-BA97-AC459F4BE88E}.Release|Any CPU.ActiveCfg = Release|Any CPU
		{9254E716-C165-42FC-BA97-AC459F4BE88E}.Release|Any CPU.Build.0 = Release|Any CPU
		{9A6CD1A9-0133-4B44-8062-6C466FA52BD0}.Debug|Any CPU.ActiveCfg = Debug|Any CPU
		{9A6CD1A9-0133-4B44-8062-6C466FA52BD0}.Debug|Any CPU.Build.0 = Debug|Any CPU
		{9A6CD1A9-0133-4B44-8062-6C466FA52BD0}.Release|Any CPU.ActiveCfg = Release|Any CPU
		{9A6CD1A9-0133-4B44-8062-6C466FA52BD0}.Release|Any CPU.Build.0 = Release|Any CPU
		{0A552920-0BF7-4885-9018-854654B41ACB}.Debug|Any CPU.ActiveCfg = Debug|Any CPU
		{0A552920-0BF7-4885-9018-854654B41ACB}.Debug|Any CPU.Build.0 = Debug|Any CPU
		{0A552920-0BF7-4885-9018-854654B41ACB}.Release|Any CPU.ActiveCfg = Release|Any CPU
		{0A552920-0BF7-4885-9018-854654B41ACB}.Release|Any CPU.Build.0 = Release|Any CPU
		{8463EB0C-27B9-498E-BDEA-CB6F4BB89190}.Debug|Any CPU.ActiveCfg = Debug|Any CPU
		{8463EB0C-27B9-498E-BDEA-CB6F4BB89190}.Debug|Any CPU.Build.0 = Debug|Any CPU
		{8463EB0C-27B9-498E-BDEA-CB6F4BB89190}.Release|Any CPU.ActiveCfg = Release|Any CPU
		{8463EB0C-27B9-498E-BDEA-CB6F4BB89190}.Release|Any CPU.Build.0 = Release|Any CPU
	EndGlobalSection
	GlobalSection(SolutionProperties) = preSolution
		HideSolutionNode = FALSE
	EndGlobalSection
	GlobalSection(NestedProjects) = preSolution
		{36D0BD54-55E9-46FB-A573-671FE98157B5} = {69CE6A7F-43AC-4802-ABDE-8908EEFD29ED}
		{84CD7743-A1F0-4D03-80AA-AF501E8FCD9C} = {04ED0EB8-768E-4622-99F7-3CB4FE4EB0F5}
		{D8935E6E-8D6E-4464-B2B9-4C064FF799BC} = {04ED0EB8-768E-4622-99F7-3CB4FE4EB0F5}
		{0CAD87EA-2867-4BCC-B76C-C7094C71304B} = {04ED0EB8-768E-4622-99F7-3CB4FE4EB0F5}
		{08B33405-1176-4EA1-AAF9-5BE0D9D3EDAF} = {04ED0EB8-768E-4622-99F7-3CB4FE4EB0F5}
		{DE5325E4-732C-481E-96B1-17A49CC6651D} = {04ED0EB8-768E-4622-99F7-3CB4FE4EB0F5}
		{A1B7BEFB-E122-44C8-9860-7E2B00D3B070} = {69CE6A7F-43AC-4802-ABDE-8908EEFD29ED}
		{420AD872-0640-4EAF-8BC7-968A98BA4E5D} = {04ED0EB8-768E-4622-99F7-3CB4FE4EB0F5}
		{1302616F-5783-4728-9659-F621F76F0787} = {04ED0EB8-768E-4622-99F7-3CB4FE4EB0F5}
		{881811B6-5840-4136-A84C-DDB5419553F9} = {04ED0EB8-768E-4622-99F7-3CB4FE4EB0F5}
		{9254E716-C165-42FC-BA97-AC459F4BE88E} = {69CE6A7F-43AC-4802-ABDE-8908EEFD29ED}
		{9A6CD1A9-0133-4B44-8062-6C466FA52BD0} = {04ED0EB8-768E-4622-99F7-3CB4FE4EB0F5}
		{0A552920-0BF7-4885-9018-854654B41ACB} = {04ED0EB8-768E-4622-99F7-3CB4FE4EB0F5}
		{8463EB0C-27B9-498E-BDEA-CB6F4BB89190} = {04ED0EB8-768E-4622-99F7-3CB4FE4EB0F5}
	EndGlobalSection
	GlobalSection(ExtensibilityGlobals) = postSolution
		SolutionGuid = {48E9BD3B-5784-43B9-90EF-3F429479F46C}
	EndGlobalSection
EndGlobal
