
Microsoft Visual Studio Solution File, Format Version 12.00
# Visual Studio Version 17
VisualStudioVersion = 17.11.35312.102
MinimumVisualStudioVersion = 10.0.40219.1
Project("{FAE04EC0-301F-11D3-BF4B-00C04F79EFBC}") = "C01_sintaxis", "C01_sintaxis\C01_sintaxis.csproj", "{FB3B710F-B7F7-4BDC-A2CB-89C81CA75514}"
EndProject
Project("{2150E333-8FDC-42A3-9474-1A3956D46DE8}") = "ejercicios", "ejercicios", "{6A3ADF0E-71B2-484B-8ECF-8044200D9380}"
EndProject
Project("{2150E333-8FDC-42A3-9474-1A3956D46DE8}") = "teoria", "teoria", "{63E2653F-AE06-4E08-BC0B-7E003764C382}"
EndProject
Project("{FAE04EC0-301F-11D3-BF4B-00C04F79EFBC}") = "C02_tiposMetodos", "C02_tiposMetodos\C02_tiposMetodos.csproj", "{4A10F00C-E15D-4D58-8504-B90FC75E57BA}"
EndProject
Project("{FAE04EC0-301F-11D3-BF4B-00C04F79EFBC}") = "C03_parametroValor", "C03_parametroValor\C03_parametroValor.csproj", "{BDCFDD1A-D7B4-4574-9BC1-CECFEC1B09E6}"
EndProject
Project("{FAE04EC0-301F-11D3-BF4B-00C04F79EFBC}") = "C04_paseReferencia", "C04_paseReferencia\C04_paseReferencia.csproj", "{DF894DA9-51C7-4791-81B8-3614A9A9CF52}"
EndProject
Project("{FAE04EC0-301F-11D3-BF4B-00C04F79EFBC}") = "C05_modificador_out", "C05_modificador_out\C05_modificador_out.csproj", "{5773B346-34FD-4884-8FCC-048265375BF6}"
EndProject
Project("{FAE04EC0-301F-11D3-BF4B-00C04F79EFBC}") = "C06_asignaImplicita_var", "C06_asignaImplicita_var\C06_asignaImplicita_var.csproj", "{D52A56E7-70E4-44CA-86C4-AA8297F6BEDE}"
EndProject
Project("{FAE04EC0-301F-11D3-BF4B-00C04F79EFBC}") = "C07_tipoDato_tupla", "C07_tipoDato_tupla\C07_tipoDato_tupla.csproj", "{3807766F-411A-4AE1-B361-4551DA8AC7F5}"
EndProject
Project("{FAE04EC0-301F-11D3-BF4B-00C04F79EFBC}") = "C08_returnMultiple", "C08_returnMultiple\C08_returnMultiple.csproj", "{55D129C8-0B13-4B47-92D5-9AF2AE8AB0ED}"
EndProject
Project("{FAE04EC0-301F-11D3-BF4B-00C04F79EFBC}") = "EJ01_gradosRadianes", "EJ01_gradosRadianes\EJ01_gradosRadianes.csproj", "{69F79FB5-6249-4526-8039-9AF12E98D6A9}"
EndProject
Project("{FAE04EC0-301F-11D3-BF4B-00C04F79EFBC}") = "EJ02_areaFigura", "EJ02_areaFigura\EJ02_areaFigura.csproj", "{9DADE23A-F004-482B-B225-AE42BF64C9F1}"
EndProject
Global
	GlobalSection(SolutionConfigurationPlatforms) = preSolution
		Debug|Any CPU = Debug|Any CPU
		Release|Any CPU = Release|Any CPU
	EndGlobalSection
	GlobalSection(ProjectConfigurationPlatforms) = postSolution
		{FB3B710F-B7F7-4BDC-A2CB-89C81CA75514}.Debug|Any CPU.ActiveCfg = Debug|Any CPU
		{FB3B710F-B7F7-4BDC-A2CB-89C81CA75514}.Debug|Any CPU.Build.0 = Debug|Any CPU
		{FB3B710F-B7F7-4BDC-A2CB-89C81CA75514}.Release|Any CPU.ActiveCfg = Release|Any CPU
		{FB3B710F-B7F7-4BDC-A2CB-89C81CA75514}.Release|Any CPU.Build.0 = Release|Any CPU
		{4A10F00C-E15D-4D58-8504-B90FC75E57BA}.Debug|Any CPU.ActiveCfg = Debug|Any CPU
		{4A10F00C-E15D-4D58-8504-B90FC75E57BA}.Debug|Any CPU.Build.0 = Debug|Any CPU
		{4A10F00C-E15D-4D58-8504-B90FC75E57BA}.Release|Any CPU.ActiveCfg = Release|Any CPU
		{4A10F00C-E15D-4D58-8504-B90FC75E57BA}.Release|Any CPU.Build.0 = Release|Any CPU
		{BDCFDD1A-D7B4-4574-9BC1-CECFEC1B09E6}.Debug|Any CPU.ActiveCfg = Debug|Any CPU
		{BDCFDD1A-D7B4-4574-9BC1-CECFEC1B09E6}.Debug|Any CPU.Build.0 = Debug|Any CPU
		{BDCFDD1A-D7B4-4574-9BC1-CECFEC1B09E6}.Release|Any CPU.ActiveCfg = Release|Any CPU
		{BDCFDD1A-D7B4-4574-9BC1-CECFEC1B09E6}.Release|Any CPU.Build.0 = Release|Any CPU
		{DF894DA9-51C7-4791-81B8-3614A9A9CF52}.Debug|Any CPU.ActiveCfg = Debug|Any CPU
		{DF894DA9-51C7-4791-81B8-3614A9A9CF52}.Debug|Any CPU.Build.0 = Debug|Any CPU
		{DF894DA9-51C7-4791-81B8-3614A9A9CF52}.Release|Any CPU.ActiveCfg = Release|Any CPU
		{DF894DA9-51C7-4791-81B8-3614A9A9CF52}.Release|Any CPU.Build.0 = Release|Any CPU
		{5773B346-34FD-4884-8FCC-048265375BF6}.Debug|Any CPU.ActiveCfg = Debug|Any CPU
		{5773B346-34FD-4884-8FCC-048265375BF6}.Debug|Any CPU.Build.0 = Debug|Any CPU
		{5773B346-34FD-4884-8FCC-048265375BF6}.Release|Any CPU.ActiveCfg = Release|Any CPU
		{5773B346-34FD-4884-8FCC-048265375BF6}.Release|Any CPU.Build.0 = Release|Any CPU
		{D52A56E7-70E4-44CA-86C4-AA8297F6BEDE}.Debug|Any CPU.ActiveCfg = Debug|Any CPU
		{D52A56E7-70E4-44CA-86C4-AA8297F6BEDE}.Debug|Any CPU.Build.0 = Debug|Any CPU
		{D52A56E7-70E4-44CA-86C4-AA8297F6BEDE}.Release|Any CPU.ActiveCfg = Release|Any CPU
		{D52A56E7-70E4-44CA-86C4-AA8297F6BEDE}.Release|Any CPU.Build.0 = Release|Any CPU
		{3807766F-411A-4AE1-B361-4551DA8AC7F5}.Debug|Any CPU.ActiveCfg = Debug|Any CPU
		{3807766F-411A-4AE1-B361-4551DA8AC7F5}.Debug|Any CPU.Build.0 = Debug|Any CPU
		{3807766F-411A-4AE1-B361-4551DA8AC7F5}.Release|Any CPU.ActiveCfg = Release|Any CPU
		{3807766F-411A-4AE1-B361-4551DA8AC7F5}.Release|Any CPU.Build.0 = Release|Any CPU
		{55D129C8-0B13-4B47-92D5-9AF2AE8AB0ED}.Debug|Any CPU.ActiveCfg = Debug|Any CPU
		{55D129C8-0B13-4B47-92D5-9AF2AE8AB0ED}.Debug|Any CPU.Build.0 = Debug|Any CPU
		{55D129C8-0B13-4B47-92D5-9AF2AE8AB0ED}.Release|Any CPU.ActiveCfg = Release|Any CPU
		{55D129C8-0B13-4B47-92D5-9AF2AE8AB0ED}.Release|Any CPU.Build.0 = Release|Any CPU
		{69F79FB5-6249-4526-8039-9AF12E98D6A9}.Debug|Any CPU.ActiveCfg = Debug|Any CPU
		{69F79FB5-6249-4526-8039-9AF12E98D6A9}.Debug|Any CPU.Build.0 = Debug|Any CPU
		{69F79FB5-6249-4526-8039-9AF12E98D6A9}.Release|Any CPU.ActiveCfg = Release|Any CPU
		{69F79FB5-6249-4526-8039-9AF12E98D6A9}.Release|Any CPU.Build.0 = Release|Any CPU
		{9DADE23A-F004-482B-B225-AE42BF64C9F1}.Debug|Any CPU.ActiveCfg = Debug|Any CPU
		{9DADE23A-F004-482B-B225-AE42BF64C9F1}.Debug|Any CPU.Build.0 = Debug|Any CPU
		{9DADE23A-F004-482B-B225-AE42BF64C9F1}.Release|Any CPU.ActiveCfg = Release|Any CPU
		{9DADE23A-F004-482B-B225-AE42BF64C9F1}.Release|Any CPU.Build.0 = Release|Any CPU
	EndGlobalSection
	GlobalSection(SolutionProperties) = preSolution
		HideSolutionNode = FALSE
	EndGlobalSection
	GlobalSection(NestedProjects) = preSolution
		{FB3B710F-B7F7-4BDC-A2CB-89C81CA75514} = {63E2653F-AE06-4E08-BC0B-7E003764C382}
		{4A10F00C-E15D-4D58-8504-B90FC75E57BA} = {63E2653F-AE06-4E08-BC0B-7E003764C382}
		{BDCFDD1A-D7B4-4574-9BC1-CECFEC1B09E6} = {63E2653F-AE06-4E08-BC0B-7E003764C382}
		{DF894DA9-51C7-4791-81B8-3614A9A9CF52} = {63E2653F-AE06-4E08-BC0B-7E003764C382}
		{5773B346-34FD-4884-8FCC-048265375BF6} = {63E2653F-AE06-4E08-BC0B-7E003764C382}
		{D52A56E7-70E4-44CA-86C4-AA8297F6BEDE} = {63E2653F-AE06-4E08-BC0B-7E003764C382}
		{3807766F-411A-4AE1-B361-4551DA8AC7F5} = {63E2653F-AE06-4E08-BC0B-7E003764C382}
		{55D129C8-0B13-4B47-92D5-9AF2AE8AB0ED} = {63E2653F-AE06-4E08-BC0B-7E003764C382}
		{69F79FB5-6249-4526-8039-9AF12E98D6A9} = {6A3ADF0E-71B2-484B-8ECF-8044200D9380}
		{9DADE23A-F004-482B-B225-AE42BF64C9F1} = {6A3ADF0E-71B2-484B-8ECF-8044200D9380}
	EndGlobalSection
	GlobalSection(ExtensibilityGlobals) = postSolution
		SolutionGuid = {D59CCD57-C18F-4880-B925-0736E24C3E8D}
	EndGlobalSection
EndGlobal
