
Microsoft Visual Studio Solution File, Format Version 12.00
# Visual Studio Version 17
VisualStudioVersion = 17.9.34714.143
MinimumVisualStudioVersion = 10.0.40219.1
Project("{FAE04EC0-301F-11D3-BF4B-00C04F79EFBC}") = "modulo1-introduccion", "modulo1-introduccion\modulo1-introduccion.csproj", "{06F8F6A3-50E2-4851-B99A-A0CB547507BB}"
EndProject
Project("{2150E333-8FDC-42A3-9474-1A3956D46DE8}") = "modulo1", "modulo1", "{5A8DA434-0787-4BCD-89E8-9DD6D7C80861}"
EndProject
Project("{FAE04EC0-301F-11D3-BF4B-00C04F79EFBC}") = "tarea1", "tarea1\tarea1.csproj", "{03DCD34E-CEC0-4804-BE1D-7E2EA301DAF4}"
EndProject
Global
	GlobalSection(SolutionConfigurationPlatforms) = preSolution
		Debug|Any CPU = Debug|Any CPU
		Release|Any CPU = Release|Any CPU
	EndGlobalSection
	GlobalSection(ProjectConfigurationPlatforms) = postSolution
		{06F8F6A3-50E2-4851-B99A-A0CB547507BB}.Debug|Any CPU.ActiveCfg = Debug|Any CPU
		{06F8F6A3-50E2-4851-B99A-A0CB547507BB}.Debug|Any CPU.Build.0 = Debug|Any CPU
		{06F8F6A3-50E2-4851-B99A-A0CB547507BB}.Release|Any CPU.ActiveCfg = Release|Any CPU
		{06F8F6A3-50E2-4851-B99A-A0CB547507BB}.Release|Any CPU.Build.0 = Release|Any CPU
		{03DCD34E-CEC0-4804-BE1D-7E2EA301DAF4}.Debug|Any CPU.ActiveCfg = Debug|Any CPU
		{03DCD34E-CEC0-4804-BE1D-7E2EA301DAF4}.Debug|Any CPU.Build.0 = Debug|Any CPU
		{03DCD34E-CEC0-4804-BE1D-7E2EA301DAF4}.Release|Any CPU.ActiveCfg = Release|Any CPU
		{03DCD34E-CEC0-4804-BE1D-7E2EA301DAF4}.Release|Any CPU.Build.0 = Release|Any CPU
	EndGlobalSection
	GlobalSection(SolutionProperties) = preSolution
		HideSolutionNode = FALSE
	EndGlobalSection
	GlobalSection(NestedProjects) = preSolution
		{06F8F6A3-50E2-4851-B99A-A0CB547507BB} = {5A8DA434-0787-4BCD-89E8-9DD6D7C80861}
		{03DCD34E-CEC0-4804-BE1D-7E2EA301DAF4} = {5A8DA434-0787-4BCD-89E8-9DD6D7C80861}
	EndGlobalSection
	GlobalSection(ExtensibilityGlobals) = postSolution
		SolutionGuid = {987694B4-D880-4B80-AA66-5C588B6A77B3}
	EndGlobalSection
EndGlobal
